// !$*UTF8*$!
{
	archiveVersion = 1;
	classes = {
	};
	objectVersion = 46;
	objects = {

/* Begin PBXBuildFile section */
		A99FAFD61C02B366008E0F21 /* main.m in Sources */ = {isa = PBXBuildFile; fileRef = A99FAFD51C02B366008E0F21 /* main.m */; };
		A99FAFD91C02B366008E0F21 /* AppDelegate.m in Sources */ = {isa = PBXBuildFile; fileRef = A99FAFD81C02B366008E0F21 /* AppDelegate.m */; };
		A99FAFDF1C02B366008E0F21 /* Main.storyboard in Resources */ = {isa = PBXBuildFile; fileRef = A99FAFDD1C02B366008E0F21 /* Main.storyboard */; };
		A99FAFE21C02B366008E0F21 /* AccountingExam.xcdatamodeld in Sources */ = {isa = PBXBuildFile; fileRef = A99FAFE01C02B366008E0F21 /* AccountingExam.xcdatamodeld */; };
		A99FAFE41C02B366008E0F21 /* Assets.xcassets in Resources */ = {isa = PBXBuildFile; fileRef = A99FAFE31C02B366008E0F21 /* Assets.xcassets */; };
		A99FAFE71C02B366008E0F21 /* LaunchScreen.storyboard in Resources */ = {isa = PBXBuildFile; fileRef = A99FAFE51C02B366008E0F21 /* LaunchScreen.storyboard */; };
		A99FAFF21C02B366008E0F21 /* AccountingExamTests.m in Sources */ = {isa = PBXBuildFile; fileRef = A99FAFF11C02B366008E0F21 /* AccountingExamTests.m */; };
		A99FAFFD1C02B366008E0F21 /* AccountingExamUITests.m in Sources */ = {isa = PBXBuildFile; fileRef = A99FAFFC1C02B366008E0F21 /* AccountingExamUITests.m */; };
		A99FB00C1C02B545008E0F21 /* PaperInfoViewController.m in Sources */ = {isa = PBXBuildFile; fileRef = A99FB00B1C02B545008E0F21 /* PaperInfoViewController.m */; };
		A99FB0101C02B589008E0F21 /* BookmarkQuestionViewController.m in Sources */ = {isa = PBXBuildFile; fileRef = A99FB00F1C02B589008E0F21 /* BookmarkQuestionViewController.m */; };
		A99FB0131C02B59C008E0F21 /* WrongQuestionViewController.m in Sources */ = {isa = PBXBuildFile; fileRef = A99FB0121C02B59C008E0F21 /* WrongQuestionViewController.m */; };
		A99FB0161C02B5AB008E0F21 /* QuestonLibraryViewController.m in Sources */ = {isa = PBXBuildFile; fileRef = A99FB0151C02B5AB008E0F21 /* QuestonLibraryViewController.m */; };
		A99FB0191C02B5C3008E0F21 /* MoreViewController.m in Sources */ = {isa = PBXBuildFile; fileRef = A99FB0181C02B5C3008E0F21 /* MoreViewController.m */; };
		A99FB01C1C02B5D2008E0F21 /* FeedbackViewController.m in Sources */ = {isa = PBXBuildFile; fileRef = A99FB01B1C02B5D2008E0F21 /* FeedbackViewController.m */; };
		A99FB01F1C02B5E2008E0F21 /* AboutViewController.m in Sources */ = {isa = PBXBuildFile; fileRef = A99FB01E1C02B5E2008E0F21 /* AboutViewController.m */; };
		A99FB0221C02B5F4008E0F21 /* ShareViewController.m in Sources */ = {isa = PBXBuildFile; fileRef = A99FB0211C02B5F4008E0F21 /* ShareViewController.m */; };
		D364BCB91C0DE06F006D2E1F /* bookmark@2x.png in Resources */ = {isa = PBXBuildFile; fileRef = D364BCB21C0DE06F006D2E1F /* bookmark@2x.png */; };
		D364BCBA1C0DE06F006D2E1F /* last@2x.png in Resources */ = {isa = PBXBuildFile; fileRef = D364BCB31C0DE06F006D2E1F /* last@2x.png */; };
		D364BCBB1C0DE06F006D2E1F /* last@3x.png in Resources */ = {isa = PBXBuildFile; fileRef = D364BCB41C0DE06F006D2E1F /* last@3x.png */; };
		D364BCBC1C0DE06F006D2E1F /* next@2x.png in Resources */ = {isa = PBXBuildFile; fileRef = D364BCB51C0DE06F006D2E1F /* next@2x.png */; };
		D364BCBD1C0DE06F006D2E1F /* next@3x.png in Resources */ = {isa = PBXBuildFile; fileRef = D364BCB61C0DE06F006D2E1F /* next@3x.png */; };
		D364BCBE1C0DE06F006D2E1F /* paper@2x.png in Resources */ = {isa = PBXBuildFile; fileRef = D364BCB71C0DE06F006D2E1F /* paper@2x.png */; };
		D364BCBF1C0DE06F006D2E1F /* practice@2x.png in Resources */ = {isa = PBXBuildFile; fileRef = D364BCB81C0DE06F006D2E1F /* practice@2x.png */; };
		D364BCC21C0DF1D6006D2E1F /* PaperView.m in Sources */ = {isa = PBXBuildFile; fileRef = D364BCC11C0DF1D6006D2E1F /* PaperView.m */; };
/* End PBXBuildFile section */

/* Begin PBXContainerItemProxy section */
		A99FAFEE1C02B366008E0F21 /* PBXContainerItemProxy */ = {
			isa = PBXContainerItemProxy;
			containerPortal = A99FAFC91C02B366008E0F21 /* Project object */;
			proxyType = 1;
			remoteGlobalIDString = A99FAFD01C02B366008E0F21;
			remoteInfo = AccountingExam;
		};
		A99FAFF91C02B366008E0F21 /* PBXContainerItemProxy */ = {
			isa = PBXContainerItemProxy;
			containerPortal = A99FAFC91C02B366008E0F21 /* Project object */;
			proxyType = 1;
			remoteGlobalIDString = A99FAFD01C02B366008E0F21;
			remoteInfo = AccountingExam;
		};
/* End PBXContainerItemProxy section */

/* Begin PBXFileReference section */
		A99FAFD11C02B366008E0F21 /* AccountingExam.app */ = {isa = PBXFileReference; explicitFileType = wrapper.application; includeInIndex = 0; path = AccountingExam.app; sourceTree = BUILT_PRODUCTS_DIR; };
		A99FAFD51C02B366008E0F21 /* main.m */ = {isa = PBXFileReference; lastKnownFileType = sourcecode.c.objc; path = main.m; sourceTree = "<group>"; };
		A99FAFD71C02B366008E0F21 /* AppDelegate.h */ = {isa = PBXFileReference; lastKnownFileType = sourcecode.c.h; path = AppDelegate.h; sourceTree = "<group>"; };
		A99FAFD81C02B366008E0F21 /* AppDelegate.m */ = {isa = PBXFileReference; lastKnownFileType = sourcecode.c.objc; path = AppDelegate.m; sourceTree = "<group>"; };
		A99FAFDE1C02B366008E0F21 /* Base */ = {isa = PBXFileReference; lastKnownFileType = file.storyboard; name = Base; path = Base.lproj/Main.storyboard; sourceTree = "<group>"; };
		A99FAFE11C02B366008E0F21 /* AccountingExam.xcdatamodel */ = {isa = PBXFileReference; lastKnownFileType = wrapper.xcdatamodel; path = AccountingExam.xcdatamodel; sourceTree = "<group>"; };
		A99FAFE31C02B366008E0F21 /* Assets.xcassets */ = {isa = PBXFileReference; lastKnownFileType = folder.assetcatalog; path = Assets.xcassets; sourceTree = "<group>"; };
		A99FAFE61C02B366008E0F21 /* Base */ = {isa = PBXFileReference; lastKnownFileType = file.storyboard; name = Base; path = Base.lproj/LaunchScreen.storyboard; sourceTree = "<group>"; };
		A99FAFE81C02B366008E0F21 /* Info.plist */ = {isa = PBXFileReference; lastKnownFileType = text.plist.xml; path = Info.plist; sourceTree = "<group>"; };
		A99FAFED1C02B366008E0F21 /* AccountingExamTests.xctest */ = {isa = PBXFileReference; explicitFileType = wrapper.cfbundle; includeInIndex = 0; path = AccountingExamTests.xctest; sourceTree = BUILT_PRODUCTS_DIR; };
		A99FAFF11C02B366008E0F21 /* AccountingExamTests.m */ = {isa = PBXFileReference; lastKnownFileType = sourcecode.c.objc; path = AccountingExamTests.m; sourceTree = "<group>"; };
		A99FAFF31C02B366008E0F21 /* Info.plist */ = {isa = PBXFileReference; lastKnownFileType = text.plist.xml; path = Info.plist; sourceTree = "<group>"; };
		A99FAFF81C02B366008E0F21 /* AccountingExamUITests.xctest */ = {isa = PBXFileReference; explicitFileType = wrapper.cfbundle; includeInIndex = 0; path = AccountingExamUITests.xctest; sourceTree = BUILT_PRODUCTS_DIR; };
		A99FAFFC1C02B366008E0F21 /* AccountingExamUITests.m */ = {isa = PBXFileReference; lastKnownFileType = sourcecode.c.objc; path = AccountingExamUITests.m; sourceTree = "<group>"; };
		A99FAFFE1C02B366008E0F21 /* Info.plist */ = {isa = PBXFileReference; lastKnownFileType = text.plist.xml; path = Info.plist; sourceTree = "<group>"; };
		A99FB00A1C02B545008E0F21 /* PaperInfoViewController.h */ = {isa = PBXFileReference; fileEncoding = 4; lastKnownFileType = sourcecode.c.h; path = PaperInfoViewController.h; sourceTree = "<group>"; };
		A99FB00B1C02B545008E0F21 /* PaperInfoViewController.m */ = {isa = PBXFileReference; fileEncoding = 4; lastKnownFileType = sourcecode.c.objc; path = PaperInfoViewController.m; sourceTree = "<group>"; };
		A99FB00E1C02B589008E0F21 /* BookmarkQuestionViewController.h */ = {isa = PBXFileReference; fileEncoding = 4; lastKnownFileType = sourcecode.c.h; path = BookmarkQuestionViewController.h; sourceTree = "<group>"; };
		A99FB00F1C02B589008E0F21 /* BookmarkQuestionViewController.m */ = {isa = PBXFileReference; fileEncoding = 4; lastKnownFileType = sourcecode.c.objc; path = BookmarkQuestionViewController.m; sourceTree = "<group>"; };
		A99FB0111C02B59C008E0F21 /* WrongQuestionViewController.h */ = {isa = PBXFileReference; fileEncoding = 4; lastKnownFileType = sourcecode.c.h; path = WrongQuestionViewController.h; sourceTree = "<group>"; };
		A99FB0121C02B59C008E0F21 /* WrongQuestionViewController.m */ = {isa = PBXFileReference; fileEncoding = 4; lastKnownFileType = sourcecode.c.objc; path = WrongQuestionViewController.m; sourceTree = "<group>"; };
		A99FB0141C02B5AB008E0F21 /* QuestonLibraryViewController.h */ = {isa = PBXFileReference; fileEncoding = 4; lastKnownFileType = sourcecode.c.h; path = QuestonLibraryViewController.h; sourceTree = "<group>"; };
		A99FB0151C02B5AB008E0F21 /* QuestonLibraryViewController.m */ = {isa = PBXFileReference; fileEncoding = 4; lastKnownFileType = sourcecode.c.objc; path = QuestonLibraryViewController.m; sourceTree = "<group>"; };
		A99FB0171C02B5C3008E0F21 /* MoreViewController.h */ = {isa = PBXFileReference; fileEncoding = 4; lastKnownFileType = sourcecode.c.h; path = MoreViewController.h; sourceTree = "<group>"; };
		A99FB0181C02B5C3008E0F21 /* MoreViewController.m */ = {isa = PBXFileReference; fileEncoding = 4; lastKnownFileType = sourcecode.c.objc; path = MoreViewController.m; sourceTree = "<group>"; };
		A99FB01A1C02B5D2008E0F21 /* FeedbackViewController.h */ = {isa = PBXFileReference; fileEncoding = 4; lastKnownFileType = sourcecode.c.h; path = FeedbackViewController.h; sourceTree = "<group>"; };
		A99FB01B1C02B5D2008E0F21 /* FeedbackViewController.m */ = {isa = PBXFileReference; fileEncoding = 4; lastKnownFileType = sourcecode.c.objc; path = FeedbackViewController.m; sourceTree = "<group>"; };
		A99FB01D1C02B5E2008E0F21 /* AboutViewController.h */ = {isa = PBXFileReference; fileEncoding = 4; lastKnownFileType = sourcecode.c.h; path = AboutViewController.h; sourceTree = "<group>"; };
		A99FB01E1C02B5E2008E0F21 /* AboutViewController.m */ = {isa = PBXFileReference; fileEncoding = 4; lastKnownFileType = sourcecode.c.objc; path = AboutViewController.m; sourceTree = "<group>"; };
		A99FB0201C02B5F4008E0F21 /* ShareViewController.h */ = {isa = PBXFileReference; fileEncoding = 4; lastKnownFileType = sourcecode.c.h; path = ShareViewController.h; sourceTree = "<group>"; };
		A99FB0211C02B5F4008E0F21 /* ShareViewController.m */ = {isa = PBXFileReference; fileEncoding = 4; lastKnownFileType = sourcecode.c.objc; path = ShareViewController.m; sourceTree = "<group>"; };
		D364BCB21C0DE06F006D2E1F /* bookmark@2x.png */ = {isa = PBXFileReference; lastKnownFileType = image.png; path = "bookmark@2x.png"; sourceTree = "<group>"; };
		D364BCB31C0DE06F006D2E1F /* last@2x.png */ = {isa = PBXFileReference; lastKnownFileType = image.png; path = "last@2x.png"; sourceTree = "<group>"; };
		D364BCB41C0DE06F006D2E1F /* last@3x.png */ = {isa = PBXFileReference; lastKnownFileType = image.png; path = "last@3x.png"; sourceTree = "<group>"; };
		D364BCB51C0DE06F006D2E1F /* next@2x.png */ = {isa = PBXFileReference; lastKnownFileType = image.png; path = "next@2x.png"; sourceTree = "<group>"; };
		D364BCB61C0DE06F006D2E1F /* next@3x.png */ = {isa = PBXFileReference; lastKnownFileType = image.png; path = "next@3x.png"; sourceTree = "<group>"; };
		D364BCB71C0DE06F006D2E1F /* paper@2x.png */ = {isa = PBXFileReference; lastKnownFileType = image.png; path = "paper@2x.png"; sourceTree = "<group>"; };
		D364BCB81C0DE06F006D2E1F /* practice@2x.png */ = {isa = PBXFileReference; lastKnownFileType = image.png; path = "practice@2x.png"; sourceTree = "<group>"; };
		D364BCC01C0DF1D6006D2E1F /* PaperView.h */ = {isa = PBXFileReference; fileEncoding = 4; lastKnownFileType = sourcecode.c.h; path = PaperView.h; sourceTree = "<group>"; };
		D364BCC11C0DF1D6006D2E1F /* PaperView.m */ = {isa = PBXFileReference; fileEncoding = 4; lastKnownFileType = sourcecode.c.objc; path = PaperView.m; sourceTree = "<group>"; };
/* End PBXFileReference section */

/* Begin PBXFrameworksBuildPhase section */
		A99FAFCE1C02B366008E0F21 /* Frameworks */ = {
			isa = PBXFrameworksBuildPhase;
			buildActionMask = 2147483647;
			files = (
			);
			runOnlyForDeploymentPostprocessing = 0;
		};
		A99FAFEA1C02B366008E0F21 /* Frameworks */ = {
			isa = PBXFrameworksBuildPhase;
			buildActionMask = 2147483647;
			files = (
			);
			runOnlyForDeploymentPostprocessing = 0;
		};
		A99FAFF51C02B366008E0F21 /* Frameworks */ = {
			isa = PBXFrameworksBuildPhase;
			buildActionMask = 2147483647;
			files = (
			);
			runOnlyForDeploymentPostprocessing = 0;
		};
/* End PBXFrameworksBuildPhase section */

/* Begin PBXGroup section */
		A99FAFC81C02B366008E0F21 = {
			isa = PBXGroup;
			children = (
				D364BCB11C0DE017006D2E1F /* Images */,
				A99FB00D1C02B555008E0F21 /* Controllers */,
				A99FAFD31C02B366008E0F21 /* AccountingExam */,
				A99FAFF01C02B366008E0F21 /* AccountingExamTests */,
				A99FAFFB1C02B366008E0F21 /* AccountingExamUITests */,
				A99FAFD21C02B366008E0F21 /* Products */,
			);
			sourceTree = "<group>";
		};
		A99FAFD21C02B366008E0F21 /* Products */ = {
			isa = PBXGroup;
			children = (
				A99FAFD11C02B366008E0F21 /* AccountingExam.app */,
				A99FAFED1C02B366008E0F21 /* AccountingExamTests.xctest */,
				A99FAFF81C02B366008E0F21 /* AccountingExamUITests.xctest */,
			);
			name = Products;
			sourceTree = "<group>";
		};
		A99FAFD31C02B366008E0F21 /* AccountingExam */ = {
			isa = PBXGroup;
			children = (
				A99FAFD71C02B366008E0F21 /* AppDelegate.h */,
				A99FAFD81C02B366008E0F21 /* AppDelegate.m */,
				A99FAFDD1C02B366008E0F21 /* Main.storyboard */,
				A99FAFE31C02B366008E0F21 /* Assets.xcassets */,
				A99FAFE51C02B366008E0F21 /* LaunchScreen.storyboard */,
				A99FAFE81C02B366008E0F21 /* Info.plist */,
				A99FAFE01C02B366008E0F21 /* AccountingExam.xcdatamodeld */,
				A99FAFD41C02B366008E0F21 /* Supporting Files */,
			);
			path = AccountingExam;
			sourceTree = "<group>";
		};
		A99FAFD41C02B366008E0F21 /* Supporting Files */ = {
			isa = PBXGroup;
			children = (
				A99FAFD51C02B366008E0F21 /* main.m */,
			);
			name = "Supporting Files";
			sourceTree = "<group>";
		};
		A99FAFF01C02B366008E0F21 /* AccountingExamTests */ = {
			isa = PBXGroup;
			children = (
				A99FAFF11C02B366008E0F21 /* AccountingExamTests.m */,
				A99FAFF31C02B366008E0F21 /* Info.plist */,
			);
			path = AccountingExamTests;
			sourceTree = "<group>";
		};
		A99FAFFB1C02B366008E0F21 /* AccountingExamUITests */ = {
			isa = PBXGroup;
			children = (
				A99FAFFC1C02B366008E0F21 /* AccountingExamUITests.m */,
				A99FAFFE1C02B366008E0F21 /* Info.plist */,
			);
			path = AccountingExamUITests;
			sourceTree = "<group>";
		};
		A99FB00D1C02B555008E0F21 /* Controllers */ = {
			isa = PBXGroup;
			children = (
				A99FB00A1C02B545008E0F21 /* PaperInfoViewController.h */,
				A99FB00B1C02B545008E0F21 /* PaperInfoViewController.m */,
				D364BCC01C0DF1D6006D2E1F /* PaperView.h */,
				D364BCC11C0DF1D6006D2E1F /* PaperView.m */,
				A99FB00E1C02B589008E0F21 /* BookmarkQuestionViewController.h */,
				A99FB00F1C02B589008E0F21 /* BookmarkQuestionViewController.m */,
				A99FB0111C02B59C008E0F21 /* WrongQuestionViewController.h */,
				A99FB0121C02B59C008E0F21 /* WrongQuestionViewController.m */,
				A99FB0141C02B5AB008E0F21 /* QuestonLibraryViewController.h */,
				A99FB0151C02B5AB008E0F21 /* QuestonLibraryViewController.m */,
				A99FB0171C02B5C3008E0F21 /* MoreViewController.h */,
				A99FB0181C02B5C3008E0F21 /* MoreViewController.m */,
				A99FB01A1C02B5D2008E0F21 /* FeedbackViewController.h */,
				A99FB01B1C02B5D2008E0F21 /* FeedbackViewController.m */,
				A99FB01D1C02B5E2008E0F21 /* AboutViewController.h */,
				A99FB01E1C02B5E2008E0F21 /* AboutViewController.m */,
				A99FB0201C02B5F4008E0F21 /* ShareViewController.h */,
				A99FB0211C02B5F4008E0F21 /* ShareViewController.m */,
			);
			name = Controllers;
			sourceTree = "<group>";
		};
		D364BCB11C0DE017006D2E1F /* Images */ = {
			isa = PBXGroup;
			children = (
				D364BCB21C0DE06F006D2E1F /* bookmark@2x.png */,
				D364BCB31C0DE06F006D2E1F /* last@2x.png */,
				D364BCB41C0DE06F006D2E1F /* last@3x.png */,
				D364BCB51C0DE06F006D2E1F /* next@2x.png */,
				D364BCB61C0DE06F006D2E1F /* next@3x.png */,
				D364BCB71C0DE06F006D2E1F /* paper@2x.png */,
				D364BCB81C0DE06F006D2E1F /* practice@2x.png */,
			);
			name = Images;
			sourceTree = "<group>";
		};
/* End PBXGroup section */

/* Begin PBXNativeTarget section */
		A99FAFD01C02B366008E0F21 /* AccountingExam */ = {
			isa = PBXNativeTarget;
			buildConfigurationList = A99FB0011C02B366008E0F21 /* Build configuration list for PBXNativeTarget "AccountingExam" */;
			buildPhases = (
				A99FAFCD1C02B366008E0F21 /* Sources */,
				A99FAFCE1C02B366008E0F21 /* Frameworks */,
				A99FAFCF1C02B366008E0F21 /* Resources */,
			);
			buildRules = (
			);
			dependencies = (
			);
			name = AccountingExam;
			productName = AccountingExam;
			productReference = A99FAFD11C02B366008E0F21 /* AccountingExam.app */;
			productType = "com.apple.product-type.application";
		};
		A99FAFEC1C02B366008E0F21 /* AccountingExamTests */ = {
			isa = PBXNativeTarget;
			buildConfigurationList = A99FB0041C02B366008E0F21 /* Build configuration list for PBXNativeTarget "AccountingExamTests" */;
			buildPhases = (
				A99FAFE91C02B366008E0F21 /* Sources */,
				A99FAFEA1C02B366008E0F21 /* Frameworks */,
				A99FAFEB1C02B366008E0F21 /* Resources */,
			);
			buildRules = (
			);
			dependencies = (
				A99FAFEF1C02B366008E0F21 /* PBXTargetDependency */,
			);
			name = AccountingExamTests;
			productName = AccountingExamTests;
			productReference = A99FAFED1C02B366008E0F21 /* AccountingExamTests.xctest */;
			productType = "com.apple.product-type.bundle.unit-test";
		};
		A99FAFF71C02B366008E0F21 /* AccountingExamUITests */ = {
			isa = PBXNativeTarget;
			buildConfigurationList = A99FB0071C02B366008E0F21 /* Build configuration list for PBXNativeTarget "AccountingExamUITests" */;
			buildPhases = (
				A99FAFF41C02B366008E0F21 /* Sources */,
				A99FAFF51C02B366008E0F21 /* Frameworks */,
				A99FAFF61C02B366008E0F21 /* Resources */,
			);
			buildRules = (
			);
			dependencies = (
				A99FAFFA1C02B366008E0F21 /* PBXTargetDependency */,
			);
			name = AccountingExamUITests;
			productName = AccountingExamUITests;
			productReference = A99FAFF81C02B366008E0F21 /* AccountingExamUITests.xctest */;
			productType = "com.apple.product-type.bundle.ui-testing";
		};
/* End PBXNativeTarget section */

/* Begin PBXProject section */
		A99FAFC91C02B366008E0F21 /* Project object */ = {
			isa = PBXProject;
			attributes = {
				LastUpgradeCheck = 0710;
				ORGANIZATIONNAME = trainer;
				TargetAttributes = {
					A99FAFD01C02B366008E0F21 = {
						CreatedOnToolsVersion = 7.1.1;
					};
					A99FAFEC1C02B366008E0F21 = {
						CreatedOnToolsVersion = 7.1.1;
						TestTargetID = A99FAFD01C02B366008E0F21;
					};
					A99FAFF71C02B366008E0F21 = {
						CreatedOnToolsVersion = 7.1.1;
						TestTargetID = A99FAFD01C02B366008E0F21;
					};
				};
			};
			buildConfigurationList = A99FAFCC1C02B366008E0F21 /* Build configuration list for PBXProject "AccountingExam" */;
			compatibilityVersion = "Xcode 3.2";
			developmentRegion = English;
			hasScannedForEncodings = 0;
			knownRegions = (
				en,
				Base,
			);
			mainGroup = A99FAFC81C02B366008E0F21;
			productRefGroup = A99FAFD21C02B366008E0F21 /* Products */;
			projectDirPath = "";
			projectRoot = "";
			targets = (
				A99FAFD01C02B366008E0F21 /* AccountingExam */,
				A99FAFEC1C02B366008E0F21 /* AccountingExamTests */,
				A99FAFF71C02B366008E0F21 /* AccountingExamUITests */,
			);
		};
/* End PBXProject section */

/* Begin PBXResourcesBuildPhase section */
		A99FAFCF1C02B366008E0F21 /* Resources */ = {
			isa = PBXResourcesBuildPhase;
			buildActionMask = 2147483647;
			files = (
				D364BCBD1C0DE06F006D2E1F /* next@3x.png in Resources */,
				D364BCBE1C0DE06F006D2E1F /* paper@2x.png in Resources */,
				A99FAFE71C02B366008E0F21 /* LaunchScreen.storyboard in Resources */,
				D364BCBB1C0DE06F006D2E1F /* last@3x.png in Resources */,
				D364BCBC1C0DE06F006D2E1F /* next@2x.png in Resources */,
				A99FAFE41C02B366008E0F21 /* Assets.xcassets in Resources */,
				D364BCBA1C0DE06F006D2E1F /* last@2x.png in Resources */,
				D364BCBF1C0DE06F006D2E1F /* practice@2x.png in Resources */,
				D364BCB91C0DE06F006D2E1F /* bookmark@2x.png in Resources */,
				A99FAFDF1C02B366008E0F21 /* Main.storyboard in Resources */,
			);
			runOnlyForDeploymentPostprocessing = 0;
		};
		A99FAFEB1C02B366008E0F21 /* Resources */ = {
			isa = PBXResourcesBuildPhase;
			buildActionMask = 2147483647;
			files = (
			);
			runOnlyForDeploymentPostprocessing = 0;
		};
		A99FAFF61C02B366008E0F21 /* Resources */ = {
			isa = PBXResourcesBuildPhase;
			buildActionMask = 2147483647;
			files = (
			);
			runOnlyForDeploymentPostprocessing = 0;
		};
/* End PBXResourcesBuildPhase section */

/* Begin PBXSourcesBuildPhase section */
		A99FAFCD1C02B366008E0F21 /* Sources */ = {
			isa = PBXSourcesBuildPhase;
			buildActionMask = 2147483647;
			files = (
				A99FB0131C02B59C008E0F21 /* WrongQuestionViewController.m in Sources */,
				A99FB0191C02B5C3008E0F21 /* MoreViewController.m in Sources */,
				A99FB0221C02B5F4008E0F21 /* ShareViewController.m in Sources */,
				A99FB0161C02B5AB008E0F21 /* QuestonLibraryViewController.m in Sources */,
				A99FAFE21C02B366008E0F21 /* AccountingExam.xcdatamodeld in Sources */,
				D364BCC21C0DF1D6006D2E1F /* PaperView.m in Sources */,
				A99FAFD91C02B366008E0F21 /* AppDelegate.m in Sources */,
				A99FAFD61C02B366008E0F21 /* main.m in Sources */,
				A99FB01F1C02B5E2008E0F21 /* AboutViewController.m in Sources */,
				A99FB0101C02B589008E0F21 /* BookmarkQuestionViewController.m in Sources */,
				A99FB00C1C02B545008E0F21 /* PaperInfoViewController.m in Sources */,
				A99FB01C1C02B5D2008E0F21 /* FeedbackViewController.m in Sources */,
			);
			runOnlyForDeploymentPostprocessing = 0;
		};
		A99FAFE91C02B366008E0F21 /* Sources */ = {
			isa = PBXSourcesBuildPhase;
			buildActionMask = 2147483647;
			files = (
				A99FAFF21C02B366008E0F21 /* AccountingExamTests.m in Sources */,
			);
			runOnlyForDeploymentPostprocessing = 0;
		};
		A99FAFF41C02B366008E0F21 /* Sources */ = {
			isa = PBXSourcesBuildPhase;
			buildActionMask = 2147483647;
			files = (
				A99FAFFD1C02B366008E0F21 /* AccountingExamUITests.m in Sources */,
			);
			runOnlyForDeploymentPostprocessing = 0;
		};
/* End PBXSourcesBuildPhase section */

/* Begin PBXTargetDependency section */
		A99FAFEF1C02B366008E0F21 /* PBXTargetDependency */ = {
			isa = PBXTargetDependency;
			target = A99FAFD01C02B366008E0F21 /* AccountingExam */;
			targetProxy = A99FAFEE1C02B366008E0F21 /* PBXContainerItemProxy */;
		};
		A99FAFFA1C02B366008E0F21 /* PBXTargetDependency */ = {
			isa = PBXTargetDependency;
			target = A99FAFD01C02B366008E0F21 /* AccountingExam */;
			targetProxy = A99FAFF91C02B366008E0F21 /* PBXContainerItemProxy */;
		};
/* End PBXTargetDependency section */

/* Begin PBXVariantGroup section */
		A99FAFDD1C02B366008E0F21 /* Main.storyboard */ = {
			isa = PBXVariantGroup;
			children = (
				A99FAFDE1C02B366008E0F21 /* Base */,
			);
			name = Main.storyboard;
			sourceTree = "<group>";
		};
		A99FAFE51C02B366008E0F21 /* LaunchScreen.storyboard */ = {
			isa = PBXVariantGroup;
			children = (
				A99FAFE61C02B366008E0F21 /* Base */,
			);
			name = LaunchScreen.storyboard;
			sourceTree = "<group>";
		};
/* End PBXVariantGroup section */

/* Begin XCBuildConfiguration section */
		A99FAFFF1C02B366008E0F21 /* Debug */ = {
			isa = XCBuildConfiguration;
			buildSettings = {
				ALWAYS_SEARCH_USER_PATHS = NO;
				CLANG_CXX_LANGUAGE_STANDARD = "gnu++0x";
				CLANG_CXX_LIBRARY = "libc++";
				CLANG_ENABLE_MODULES = YES;
				CLANG_ENABLE_OBJC_ARC = YES;
				CLANG_WARN_BOOL_CONVERSION = YES;
				CLANG_WARN_CONSTANT_CONVERSION = YES;
				CLANG_WARN_DIRECT_OBJC_ISA_USAGE = YES_ERROR;
				CLANG_WARN_EMPTY_BODY = YES;
				CLANG_WARN_ENUM_CONVERSION = YES;
				CLANG_WARN_INT_CONVERSION = YES;
				CLANG_WARN_OBJC_ROOT_CLASS = YES_ERROR;
				CLANG_WARN_UNREACHABLE_CODE = YES;
				CLANG_WARN__DUPLICATE_METHOD_MATCH = YES;
				"CODE_SIGN_IDENTITY[sdk=iphoneos*]" = "iPhone Developer";
				COPY_PHASE_STRIP = NO;
				DEBUG_INFORMATION_FORMAT = dwarf;
				ENABLE_STRICT_OBJC_MSGSEND = YES;
				ENABLE_TESTABILITY = YES;
				GCC_C_LANGUAGE_STANDARD = gnu99;
				GCC_DYNAMIC_NO_PIC = NO;
				GCC_NO_COMMON_BLOCKS = YES;
				GCC_OPTIMIZATION_LEVEL = 0;
				GCC_PREPROCESSOR_DEFINITIONS = (
					"DEBUG=1",
					"$(inherited)",
				);
				GCC_WARN_64_TO_32_BIT_CONVERSION = YES;
				GCC_WARN_ABOUT_RETURN_TYPE = YES_ERROR;
				GCC_WARN_UNDECLARED_SELECTOR = YES;
				GCC_WARN_UNINITIALIZED_AUTOS = YES_AGGRESSIVE;
				GCC_WARN_UNUSED_FUNCTION = YES;
				GCC_WARN_UNUSED_VARIABLE = YES;
				IPHONEOS_DEPLOYMENT_TARGET = 9.1;
				MTL_ENABLE_DEBUG_INFO = YES;
				ONLY_ACTIVE_ARCH = YES;
				SDKROOT = iphoneos;
				TARGETED_DEVICE_FAMILY = "1,2";
			};
			name = Debug;
		};
		A99FB0001C02B366008E0F21 /* Release */ = {
			isa = XCBuildConfiguration;
			buildSettings = {
				ALWAYS_SEARCH_USER_PATHS = NO;
				CLANG_CXX_LANGUAGE_STANDARD = "gnu++0x";
				CLANG_CXX_LIBRARY = "libc++";
				CLANG_ENABLE_MODULES = YES;
				CLANG_ENABLE_OBJC_ARC = YES;
				CLANG_WARN_BOOL_CONVERSION = YES;
				CLANG_WARN_CONSTANT_CONVERSION = YES;
				CLANG_WARN_DIRECT_OBJC_ISA_USAGE = YES_ERROR;
				CLANG_WARN_EMPTY_BODY = YES;
				CLANG_WARN_ENUM_CONVERSION = YES;
				CLANG_WARN_INT_CONVERSION = YES;
				CLANG_WARN_OBJC_ROOT_CLASS = YES_ERROR;
				CLANG_WARN_UNREACHABLE_CODE = YES;
				CLANG_WARN__DUPLICATE_METHOD_MATCH = YES;
				"CODE_SIGN_IDENTITY[sdk=iphoneos*]" = "iPhone Developer";
				COPY_PHASE_STRIP = NO;
				DEBUG_INFORMATION_FORMAT = "dwarf-with-dsym";
				ENABLE_NS_ASSERTIONS = NO;
				ENABLE_STRICT_OBJC_MSGSEND = YES;
				GCC_C_LANGUAGE_STANDARD = gnu99;
				GCC_NO_COMMON_BLOCKS = YES;
				GCC_WARN_64_TO_32_BIT_CONVERSION = YES;
				GCC_WARN_ABOUT_RETURN_TYPE = YES_ERROR;
				GCC_WARN_UNDECLARED_SELECTOR = YES;
				GCC_WARN_UNINITIALIZED_AUTOS = YES_AGGRESSIVE;
				GCC_WARN_UNUSED_FUNCTION = YES;
				GCC_WARN_UNUSED_VARIABLE = YES;
				IPHONEOS_DEPLOYMENT_TARGET = 9.1;
				MTL_ENABLE_DEBUG_INFO = NO;
				SDKROOT = iphoneos;
				TARGETED_DEVICE_FAMILY = "1,2";
				VALIDATE_PRODUCT = YES;
			};
			name = Release;
		};
		A99FB0021C02B366008E0F21 /* Debug */ = {
			isa = XCBuildConfiguration;
			buildSettings = {
				ASSETCATALOG_COMPILER_APPICON_NAME = AppIcon;
				INFOPLIST_FILE = AccountingExam/Info.plist;
				LD_RUNPATH_SEARCH_PATHS = "$(inherited) @executable_path/Frameworks";
				PRODUCT_BUNDLE_IDENTIFIER = com.Jay.AccountingExam;
				PRODUCT_NAME = "$(TARGET_NAME)";
			};
			name = Debug;
		};
		A99FB0031C02B366008E0F21 /* Release */ = {
			isa = XCBuildConfiguration;
			buildSettings = {
				ASSETCATALOG_COMPILER_APPICON_NAME = AppIcon;
				INFOPLIST_FILE = AccountingExam/Info.plist;
				LD_RUNPATH_SEARCH_PATHS = "$(inherited) @executable_path/Frameworks";
				PRODUCT_BUNDLE_IDENTIFIER = com.Jay.AccountingExam;
				PRODUCT_NAME = "$(TARGET_NAME)";
			};
			name = Release;
		};
		A99FB0051C02B366008E0F21 /* Debug */ = {
			isa = XCBuildConfiguration;
			buildSettings = {
				BUNDLE_LOADER = "$(TEST_HOST)";
				INFOPLIST_FILE = AccountingExamTests/Info.plist;
				LD_RUNPATH_SEARCH_PATHS = "$(inherited) @executable_path/Frameworks @loader_path/Frameworks";
				PRODUCT_BUNDLE_IDENTIFIER = com.Jay.AccountingExamTests;
				PRODUCT_NAME = "$(TARGET_NAME)";
				TEST_HOST = "$(BUILT_PRODUCTS_DIR)/AccountingExam.app/AccountingExam";
			};
			name = Debug;
		};
		A99FB0061C02B366008E0F21 /* Release */ = {
			isa = XCBuildConfiguration;
			buildSettings = {
				BUNDLE_LOADER = "$(TEST_HOST)";
				INFOPLIST_FILE = AccountingExamTests/Info.plist;
				LD_RUNPATH_SEARCH_PATHS = "$(inherited) @executable_path/Frameworks @loader_path/Frameworks";
				PRODUCT_BUNDLE_IDENTIFIER = com.Jay.AccountingExamTests;
				PRODUCT_NAME = "$(TARGET_NAME)";
				TEST_HOST = "$(BUILT_PRODUCTS_DIR)/AccountingExam.app/AccountingExam";
			};
			name = Release;
		};
		A99FB0081C02B366008E0F21 /* Debug */ = {
			isa = XCBuildConfiguration;
			buildSettings = {
				INFOPLIST_FILE = AccountingExamUITests/Info.plist;
				LD_RUNPATH_SEARCH_PATHS = "$(inherited) @executable_path/Frameworks @loader_path/Frameworks";
				PRODUCT_BUNDLE_IDENTIFIER = com.Jay.AccountingExamUITests;
				PRODUCT_NAME = "$(TARGET_NAME)";
				TEST_TARGET_NAME = AccountingExam;
				USES_XCTRUNNER = YES;
			};
			name = Debug;
		};
		A99FB0091C02B366008E0F21 /* Release */ = {
			isa = XCBuildConfiguration;
			buildSettings = {
				INFOPLIST_FILE = AccountingExamUITests/Info.plist;
				LD_RUNPATH_SEARCH_PATHS = "$(inherited) @executable_path/Frameworks @loader_path/Frameworks";
				PRODUCT_BUNDLE_IDENTIFIER = com.Jay.AccountingExamUITests;
				PRODUCT_NAME = "$(TARGET_NAME)";
				TEST_TARGET_NAME = AccountingExam;
				USES_XCTRUNNER = YES;
			};
			name = Release;
		};
/* End XCBuildConfiguration section */

/* Begin XCConfigurationList section */
		A99FAFCC1C02B366008E0F21 /* Build configuration list for PBXProject "AccountingExam" */ = {
			isa = XCConfigurationList;
			buildConfigurations = (
				A99FAFFF1C02B366008E0F21 /* Debug */,
				A99FB0001C02B366008E0F21 /* Release */,
			);
			defaultConfigurationIsVisible = 0;
			defaultConfigurationName = Release;
		};
		A99FB0011C02B366008E0F21 /* Build configuration list for PBXNativeTarget "AccountingExam" */ = {
			isa = XCConfigurationList;
			buildConfigurations = (
				A99FB0021C02B366008E0F21 /* Debug */,
				A99FB0031C02B366008E0F21 /* Release */,
			);
			defaultConfigurationIsVisible = 0;
			defaultConfigurationName = Release;
		};
		A99FB0041C02B366008E0F21 /* Build configuration list for PBXNativeTarget "AccountingExamTests" */ = {
			isa = XCConfigurationList;
			buildConfigurations = (
				A99FB0051C02B366008E0F21 /* Debug */,
				A99FB0061C02B366008E0F21 /* Release */,
			);
			defaultConfigurationIsVisible = 0;
			defaultConfigurationName = Release;
		};
		A99FB0071C02B366008E0F21 /* Build configuration list for PBXNativeTarget "AccountingExamUITests" */ = {
			isa = XCConfigurationList;
			buildConfigurations = (
				A99FB0081C02B366008E0F21 /* Debug */,
				A99FB0091C02B366008E0F21 /* Release */,
			);
			defaultConfigurationIsVisible = 0;
			defaultConfigurationName = Release;
		};
/* End XCConfigurationList section */

/* Begin XCVersionGroup section */
		A99FAFE01C02B366008E0F21 /* AccountingExam.xcdatamodeld */ = {
			isa = XCVersionGroup;
			children = (
				A99FAFE11C02B366008E0F21 /* AccountingExam.xcdatamodel */,
			);
			currentVersion = A99FAFE11C02B366008E0F21 /* AccountingExam.xcdatamodel */;
			path = AccountingExam.xcdatamodeld;
			sourceTree = "<group>";
			versionGroupType = wrapper.xcdatamodel;
		};
/* End XCVersionGroup section */
	};
	rootObject = A99FAFC91C02B366008E0F21 /* Project object */;
}
